
Microsoft Visual Studio Solution File, Format Version 12.00
# Visual Studio Version 16
VisualStudioVersion = 16.0.29326.143
MinimumVisualStudioVersion = 10.0.40219.1
Project("{FAE04EC0-301F-11D3-BF4B-00C04F79EFBC}") = "DiceGameLast", "DiceGameLast.csproj", "{4967990A-A3FC-4AB1-8636-C7EDE21FA196}"
EndProject
Global
	GlobalSection(SolutionConfigurationPlatforms) = preSolution
		Debug|Any CPU = Debug|Any CPU
		Release|Any CPU = Release|Any CPU
	EndGlobalSection
	GlobalSection(ProjectConfigurationPlatforms) = postSolution
		{4967990A-A3FC-4AB1-8636-C7EDE21FA196}.Debug|Any CPU.ActiveCfg = Debug|Any CPU
		{4967990A-A3FC-4AB1-8636-C7EDE21FA196}.Debug|Any CPU.Build.0 = Debug|Any CPU
		{4967990A-A3FC-4AB1-8636-C7EDE21FA196}.Release|Any CPU.ActiveCfg = Release|Any CPU
		{4967990A-A3FC-4AB1-8636-C7EDE21FA196}.Release|Any CPU.Build.0 = Release|Any CPU
	EndGlobalSection
	GlobalSection(SolutionProperties) = preSolution
		HideSolutionNode = FALSE
	EndGlobalSection
	GlobalSection(ExtensibilityGlobals) = postSolution
		SolutionGuid = {6966DA67-9347-4C9B-8E89-FAB01DAC5426}
	EndGlobalSection
EndGlobal
